
Microsoft Visual Studio Solution File, Format Version 12.00
# Visual Studio Version 17
VisualStudioVersion = 17.14.36804.6 d17.14
MinimumVisualStudioVersion = 10.0.40219.1
Project("{FAE04EC0-301F-11D3-BF4B-00C04F79EFBC}") = "app-productoAPI", "app-productoAPI\app-productoAPI.csproj", "{E9087BDC-179E-4D47-83FD-4A014E8FA3A7}"
EndProject
Global
	GlobalSection(SolutionConfigurationPlatforms) = preSolution
		Debug|Any CPU = Debug|Any CPU
		Release|Any CPU = Release|Any CPU
	EndGlobalSection
	GlobalSection(ProjectConfigurationPlatforms) = postSolution
		{E9087BDC-179E-4D47-83FD-4A014E8FA3A7}.Debug|Any CPU.ActiveCfg = Debug|Any CPU
		{E9087BDC-179E-4D47-83FD-4A014E8FA3A7}.Debug|Any CPU.Build.0 = Debug|Any CPU
		{E9087BDC-179E-4D47-83FD-4A014E8FA3A7}.Release|Any CPU.ActiveCfg = Release|Any CPU
		{E9087BDC-179E-4D47-83FD-4A014E8FA3A7}.Release|Any CPU.Build.0 = Release|Any CPU
	EndGlobalSection
	GlobalSection(SolutionProperties) = preSolution
		HideSolutionNode = FALSE
	EndGlobalSection
	GlobalSection(ExtensibilityGlobals) = postSolution
		SolutionGuid = {115D908F-64C4-412F-80BA-C0F9D8730CE8}
	EndGlobalSection
EndGlobal
